{
  "name": "15-maotai-check",
  "version": "1.0.0",
  "lockfileVersion": 2,
  "requires": true,
  "packages": {
    "": {
      "version": "1.0.0",
      "license": "ISC",
      "dependencies": {
        "axios": "^0.21.1",
        "colors-console": "^1.0.3",
        "crypto-js": "^4.1.1"
      }
    },
    "node_modules/axios": {
      "version": "0.21.1",
      "resolved": "https://registry.nlark.com/axios/download/axios-0.21.1.tgz",
      "integrity": "sha1-IlY0gZYvTWvemnbVFu8OXTwJsrg=",
      "dependencies": {
        "follow-redirects": "^1.10.0"
      }
    },
    "node_modules/colors-console": {
      "version": "1.0.3",
      "resolved": "https://registry.nlark.com/colors-console/download/colors-console-1.0.3.tgz",
      "integrity": "sha1-Xnogsm6O8tJUB2jIySUMP1RbWYs="
    },
    "node_modules/crypto-js": {
      "version": "4.1.1",
      "resolved": "https://registry.nlark.com/crypto-js/download/crypto-js-4.1.1.tgz",
      "integrity": "sha1-nkhbzwNSEEG9hYRHhrg/t2GXNs8="
    },
    "node_modules/follow-redirects": {
      "version": "1.14.1",
      "resolved": "https://registry.nlark.com/follow-redirects/download/follow-redirects-1.14.1.tgz?cache=0&sync_timestamp=1620555234886&other_urls=https%3A%2F%2Fregistry.nlark.com%2Ffollow-redirects%2Fdownload%2Ffollow-redirects-1.14.1.tgz",
      "integrity": "sha1-2RFN7Qoc/dM04WTmZirQK/2R/0M=",
      "engines": {
        "node": ">=4.0"
      }
    }
  },
  "dependencies": {
    "axios": {
      "version": "0.21.1",
      "resolved": "https://registry.nlark.com/axios/download/axios-0.21.1.tgz",
      "integrity": "sha1-IlY0gZYvTWvemnbVFu8OXTwJsrg=",
      "requires": {
        "follow-redirects": "^1.10.0"
      }
    },
    "colors-console": {
      "version": "1.0.3",
      "resolved": "https://registry.nlark.com/colors-console/download/colors-console-1.0.3.tgz",
      "integrity": "sha1-Xnogsm6O8tJUB2jIySUMP1RbWYs="
    },
    "crypto-js": {
      "version": "4.1.1",
      "resolved": "https://registry.nlark.com/crypto-js/download/crypto-js-4.1.1.tgz",
      "integrity": "sha1-nkhbzwNSEEG9hYRHhrg/t2GXNs8="
    },
    "follow-redirects": {
      "version": "1.14.1",
      "resolved": "https://registry.nlark.com/follow-redirects/download/follow-redirects-1.14.1.tgz?cache=0&sync_timestamp=1620555234886&other_urls=https%3A%2F%2Fregistry.nlark.com%2Ffollow-redirects%2Fdownload%2Ffollow-redirects-1.14.1.tgz",
      "integrity": "sha1-2RFN7Qoc/dM04WTmZirQK/2R/0M="
    }
  }
}
